
Microsoft Visual Studio Solution File, Format Version 12.00
# Visual Studio Version 16
VisualStudioVersion = 16.0.31205.134
MinimumVisualStudioVersion = 10.0.40219.1
Project("{FAE04EC0-301F-11D3-BF4B-00C04F79EFBC}") = "Demo02.AppWebMvc", "Demo01.AppWebMvc\Demo02.AppWebMvc.csproj", "{37C17BB4-81A2-4CE0-B301-C0AF697EC5D5}"
EndProject
Global
	GlobalSection(SolutionConfigurationPlatforms) = preSolution
		Debug|Any CPU = Debug|Any CPU
		Release|Any CPU = Release|Any CPU
	EndGlobalSection
	GlobalSection(ProjectConfigurationPlatforms) = postSolution
		{37C17BB4-81A2-4CE0-B301-C0AF697EC5D5}.Debug|Any CPU.ActiveCfg = Debug|Any CPU
		{37C17BB4-81A2-4CE0-B301-C0AF697EC5D5}.Debug|Any CPU.Build.0 = Debug|Any CPU
		{37C17BB4-81A2-4CE0-B301-C0AF697EC5D5}.Release|Any CPU.ActiveCfg = Release|Any CPU
		{37C17BB4-81A2-4CE0-B301-C0AF697EC5D5}.Release|Any CPU.Build.0 = Release|Any CPU
	EndGlobalSection
	GlobalSection(SolutionProperties) = preSolution
		HideSolutionNode = FALSE
	EndGlobalSection
	GlobalSection(ExtensibilityGlobals) = postSolution
		SolutionGuid = {236420A9-07BC-43FF-BD3F-0F7FE5EEDF00}
	EndGlobalSection
EndGlobal
